
Microsoft Visual Studio Solution File, Format Version 12.00
# Visual Studio Version 17
VisualStudioVersion = 17.3.32825.248
MinimumVisualStudioVersion = 10.0.40219.1
Project("{9A19103F-16F7-4668-BE54-9A1E7A4F7556}") = "SampleWebApplication", "SampleWebApplication\SampleWebApplication.csproj", "{9B1AA762-6523-4FAB-9087-610C0479DA76}"
EndProject
Global
	GlobalSection(SolutionConfigurationPlatforms) = preSolution
		Debug|Any CPU = Debug|Any CPU
		Release|Any CPU = Release|Any CPU
	EndGlobalSection
	GlobalSection(ProjectConfigurationPlatforms) = postSolution
		{9B1AA762-6523-4FAB-9087-610C0479DA76}.Debug|Any CPU.ActiveCfg = Debug|Any CPU
		{9B1AA762-6523-4FAB-9087-610C0479DA76}.Debug|Any CPU.Build.0 = Debug|Any CPU
		{9B1AA762-6523-4FAB-9087-610C0479DA76}.Release|Any CPU.ActiveCfg = Release|Any CPU
		{9B1AA762-6523-4FAB-9087-610C0479DA76}.Release|Any CPU.Build.0 = Release|Any CPU
	EndGlobalSection
	GlobalSection(SolutionProperties) = preSolution
		HideSolutionNode = FALSE
	EndGlobalSection
	GlobalSection(ExtensibilityGlobals) = postSolution
		SolutionGuid = {AF692A40-5718-46B8-933A-B5C63F4F24A2}
	EndGlobalSection
EndGlobal
